
Microsoft Visual Studio Solution File, Format Version 12.00
# Visual Studio Version 16
VisualStudioVersion = 16.0.29123.88
MinimumVisualStudioVersion = 10.0.40219.1
Project("{8BC9CEB8-8B4A-11D0-8D11-00A0C91BC942}") = "CheckPermutation", "CheckPermutation\CheckPermutation.vcxproj", "{0E20554D-7A11-4991-BD3B-DD9C66F97E5A}"
EndProject
Project("{8BC9CEB8-8B4A-11D0-8D11-00A0C91BC942}") = "Urlify", "Urlify\Urlify.vcxproj", "{D9DF22BE-D7D7-41C3-946F-F1EDB6ABE48D}"
EndProject
Project("{8BC9CEB8-8B4A-11D0-8D11-00A0C91BC942}") = "StringCompress", "StringCompress\StringCompress.vcxproj", "{647783AC-AD50-4D57-94C0-EB48CD7D7EE1}"
EndProject
Project("{8BC9CEB8-8B4A-11D0-8D11-00A0C91BC942}") = "ReverseInt", "ReverseInt\ReverseInt.vcxproj", "{24355366-1233-4A45-8350-1B45FA13D4DA}"
EndProject
Project("{2150E333-8FDC-42A3-9474-1A3956D46DE8}") = "ArraysAndStrings", "ArraysAndStrings", "{118E04DA-C0BC-4B83-9927-75B89E52E460}"
EndProject
Project("{2150E333-8FDC-42A3-9474-1A3956D46DE8}") = "LinkedLists", "LinkedLists", "{F6A539A3-61C0-4643-AF76-6CDB3A8E5002}"
EndProject
Project("{8BC9CEB8-8B4A-11D0-8D11-00A0C91BC942}") = "Partition", "Partition\Partition.vcxproj", "{A1549197-0278-4347-BB4B-B2970DEC6BB3}"
EndProject
Project("{2150E333-8FDC-42A3-9474-1A3956D46DE8}") = "Shared", "Shared", "{770FBAB0-E130-4E04-8459-2D68FDE037EA}"
	ProjectSection(SolutionItems) = preProject
		..\Shared\BinTree.h = ..\Shared\BinTree.h
		..\Shared\HashTable.h = ..\Shared\HashTable.h
		..\Shared\LinkedList.h = ..\Shared\LinkedList.h
		..\Shared\Stack.h = ..\Shared\Stack.h
	EndProjectSection
EndProject
Project("{2150E333-8FDC-42A3-9474-1A3956D46DE8}") = "Dynamic", "Dynamic", "{92BE1939-276F-4C13-AB6D-3C889A211ED2}"
EndProject
Project("{8BC9CEB8-8B4A-11D0-8D11-00A0C91BC942}") = "TripleStep", "TripleStep\TripleStep.vcxproj", "{0D502D8B-654E-44F6-9815-0AAE02BA3424}"
EndProject
Project("{8BC9CEB8-8B4A-11D0-8D11-00A0C91BC942}") = "StingPermutationsNoDups", "StingPermutationsNoDups\StingPermutationsNoDups.vcxproj", "{2B9072B0-5086-40BF-BDCE-520C9257B1E7}"
EndProject
Project("{8BC9CEB8-8B4A-11D0-8D11-00A0C91BC942}") = "MagicIndex", "MagicIndex\MagicIndex.vcxproj", "{39D403EE-B367-42D5-9429-9AC59959F252}"
EndProject
Project("{8BC9CEB8-8B4A-11D0-8D11-00A0C91BC942}") = "PowerSets", "PowerSets\PowerSets.vcxproj", "{C065D2FC-83E6-4191-BDE7-0D521AE7E3E0}"
EndProject
Project("{2150E333-8FDC-42A3-9474-1A3956D46DE8}") = "Tests", "Tests", "{AFB0D4E6-718B-4AA9-99D5-9E70E2C7B4BD}"
EndProject
Project("{8BC9CEB8-8B4A-11D0-8D11-00A0C91BC942}") = "StackTest", "StackTest\StackTest.vcxproj", "{E39B1F90-7B4D-4B72-A759-3A109AFBADCC}"
EndProject
Project("{2150E333-8FDC-42A3-9474-1A3956D46DE8}") = "StacksAndQueues", "StacksAndQueues", "{DD1F02E7-5461-4433-B86F-28D41214ECFC}"
EndProject
Project("{8BC9CEB8-8B4A-11D0-8D11-00A0C91BC942}") = "ThreeInOne", "ThreeInOne\ThreeInOne.vcxproj", "{BFB79545-F1D3-4E1A-9819-9E5E7D07F86B}"
EndProject
Project("{8BC9CEB8-8B4A-11D0-8D11-00A0C91BC942}") = "BinTreeTest", "BinTreeTest\BinTreeTest.vcxproj", "{0C63BD01-8093-466C-9940-6DD24A301B17}"
EndProject
Project("{2150E333-8FDC-42A3-9474-1A3956D46DE8}") = "TreesAndGraphs", "TreesAndGraphs", "{B1BA75F9-7D6B-4570-86D6-D7CC135B04DB}"
EndProject
Project("{8BC9CEB8-8B4A-11D0-8D11-00A0C91BC942}") = "MinimalTree", "MinimalTree\MinimalTree.vcxproj", "{2DDA3A97-E1A5-451A-A9D8-81AAFFA9146A}"
EndProject
Project("{8BC9CEB8-8B4A-11D0-8D11-00A0C91BC942}") = "BinSearchRecursive", "BinSearchRecursive\BinSearchRecursive.vcxproj", "{8742527A-FB46-4CA8-8577-27BF456B8EF2}"
EndProject
Project("{8BC9CEB8-8B4A-11D0-8D11-00A0C91BC942}") = "ListOfDepths", "ListOfDepths\ListOfDepths.vcxproj", "{44834DD9-99BA-4746-8B7D-35B4E6F7DB5E}"
EndProject
Project("{8BC9CEB8-8B4A-11D0-8D11-00A0C91BC942}") = "ListOfDepths2", "ListOfDepths2\ListOfDepths2.vcxproj", "{15FA0A58-E8A1-4D0D-A6B6-7C2A8BBF758F}"
EndProject
Project("{8BC9CEB8-8B4A-11D0-8D11-00A0C91BC942}") = "CheckBalanced", "CheckBalanced\CheckBalanced.vcxproj", "{04902134-B4B5-44A6-B546-336429BBF848}"
EndProject
Project("{2150E333-8FDC-42A3-9474-1A3956D46DE8}") = "Sorting", "Sorting", "{ACCEEF3D-6F01-4F44-B6DA-4C785F5F1865}"
EndProject
Project("{8BC9CEB8-8B4A-11D0-8D11-00A0C91BC942}") = "MergeSort", "MergeSort\MergeSort.vcxproj", "{D04D5B0E-FAB2-4DA3-95C3-143DD5E48D9D}"
EndProject
Project("{8BC9CEB8-8B4A-11D0-8D11-00A0C91BC942}") = "QuickSort", "QuickSort\QuickSort.vcxproj", "{D6548129-0964-4790-918D-A8EF3FCC608C}"
EndProject
Project("{8BC9CEB8-8B4A-11D0-8D11-00A0C91BC942}") = "FirstCommonAncestor", "FirstCommonAncestor\FirstCommonAncestor.vcxproj", "{E8D8E783-E49B-4CBE-B603-6F8AAE80DB04}"
EndProject
Project("{8BC9CEB8-8B4A-11D0-8D11-00A0C91BC942}") = "LoopDetection", "LoopDetection\LoopDetection.vcxproj", "{CCB35496-1A3C-461B-B97F-90907E970B62}"
EndProject
Project("{2150E333-8FDC-42A3-9474-1A3956D46DE8}") = "Practice", "Practice", "{023A4227-DAFC-48CB-93C0-1FF2B8483AF2}"
EndProject
Project("{8BC9CEB8-8B4A-11D0-8D11-00A0C91BC942}") = "Practice", "Practice\Practice.vcxproj", "{11804F70-07D1-46DE-BE9C-DC930778C22E}"
EndProject
Global
	GlobalSection(SolutionConfigurationPlatforms) = preSolution
		Debug|x64 = Debug|x64
		Debug|x86 = Debug|x86
		Release|x64 = Release|x64
		Release|x86 = Release|x86
	EndGlobalSection
	GlobalSection(ProjectConfigurationPlatforms) = postSolution
		{0E20554D-7A11-4991-BD3B-DD9C66F97E5A}.Debug|x64.ActiveCfg = Debug|x64
		{0E20554D-7A11-4991-BD3B-DD9C66F97E5A}.Debug|x64.Build.0 = Debug|x64
		{0E20554D-7A11-4991-BD3B-DD9C66F97E5A}.Debug|x86.ActiveCfg = Debug|Win32
		{0E20554D-7A11-4991-BD3B-DD9C66F97E5A}.Debug|x86.Build.0 = Debug|Win32
		{0E20554D-7A11-4991-BD3B-DD9C66F97E5A}.Release|x64.ActiveCfg = Release|x64
		{0E20554D-7A11-4991-BD3B-DD9C66F97E5A}.Release|x64.Build.0 = Release|x64
		{0E20554D-7A11-4991-BD3B-DD9C66F97E5A}.Release|x86.ActiveCfg = Release|Win32
		{0E20554D-7A11-4991-BD3B-DD9C66F97E5A}.Release|x86.Build.0 = Release|Win32
		{D9DF22BE-D7D7-41C3-946F-F1EDB6ABE48D}.Debug|x64.ActiveCfg = Debug|x64
		{D9DF22BE-D7D7-41C3-946F-F1EDB6ABE48D}.Debug|x64.Build.0 = Debug|x64
		{D9DF22BE-D7D7-41C3-946F-F1EDB6ABE48D}.Debug|x86.ActiveCfg = Debug|Win32
		{D9DF22BE-D7D7-41C3-946F-F1EDB6ABE48D}.Debug|x86.Build.0 = Debug|Win32
		{D9DF22BE-D7D7-41C3-946F-F1EDB6ABE48D}.Release|x64.ActiveCfg = Release|x64
		{D9DF22BE-D7D7-41C3-946F-F1EDB6ABE48D}.Release|x64.Build.0 = Release|x64
		{D9DF22BE-D7D7-41C3-946F-F1EDB6ABE48D}.Release|x86.ActiveCfg = Release|Win32
		{D9DF22BE-D7D7-41C3-946F-F1EDB6ABE48D}.Release|x86.Build.0 = Release|Win32
		{647783AC-AD50-4D57-94C0-EB48CD7D7EE1}.Debug|x64.ActiveCfg = Debug|x64
		{647783AC-AD50-4D57-94C0-EB48CD7D7EE1}.Debug|x64.Build.0 = Debug|x64
		{647783AC-AD50-4D57-94C0-EB48CD7D7EE1}.Debug|x86.ActiveCfg = Debug|Win32
		{647783AC-AD50-4D57-94C0-EB48CD7D7EE1}.Debug|x86.Build.0 = Debug|Win32
		{647783AC-AD50-4D57-94C0-EB48CD7D7EE1}.Release|x64.ActiveCfg = Release|x64
		{647783AC-AD50-4D57-94C0-EB48CD7D7EE1}.Release|x64.Build.0 = Release|x64
		{647783AC-AD50-4D57-94C0-EB48CD7D7EE1}.Release|x86.ActiveCfg = Release|Win32
		{647783AC-AD50-4D57-94C0-EB48CD7D7EE1}.Release|x86.Build.0 = Release|Win32
		{24355366-1233-4A45-8350-1B45FA13D4DA}.Debug|x64.ActiveCfg = Debug|x64
		{24355366-1233-4A45-8350-1B45FA13D4DA}.Debug|x64.Build.0 = Debug|x64
		{24355366-1233-4A45-8350-1B45FA13D4DA}.Debug|x86.ActiveCfg = Debug|Win32
		{24355366-1233-4A45-8350-1B45FA13D4DA}.Debug|x86.Build.0 = Debug|Win32
		{24355366-1233-4A45-8350-1B45FA13D4DA}.Release|x64.ActiveCfg = Release|x64
		{24355366-1233-4A45-8350-1B45FA13D4DA}.Release|x64.Build.0 = Release|x64
		{24355366-1233-4A45-8350-1B45FA13D4DA}.Release|x86.ActiveCfg = Release|Win32
		{24355366-1233-4A45-8350-1B45FA13D4DA}.Release|x86.Build.0 = Release|Win32
		{A1549197-0278-4347-BB4B-B2970DEC6BB3}.Debug|x64.ActiveCfg = Debug|x64
		{A1549197-0278-4347-BB4B-B2970DEC6BB3}.Debug|x64.Build.0 = Debug|x64
		{A1549197-0278-4347-BB4B-B2970DEC6BB3}.Debug|x86.ActiveCfg = Debug|Win32
		{A1549197-0278-4347-BB4B-B2970DEC6BB3}.Debug|x86.Build.0 = Debug|Win32
		{A1549197-0278-4347-BB4B-B2970DEC6BB3}.Release|x64.ActiveCfg = Release|x64
		{A1549197-0278-4347-BB4B-B2970DEC6BB3}.Release|x64.Build.0 = Release|x64
		{A1549197-0278-4347-BB4B-B2970DEC6BB3}.Release|x86.ActiveCfg = Release|Win32
		{A1549197-0278-4347-BB4B-B2970DEC6BB3}.Release|x86.Build.0 = Release|Win32
		{0D502D8B-654E-44F6-9815-0AAE02BA3424}.Debug|x64.ActiveCfg = Debug|x64
		{0D502D8B-654E-44F6-9815-0AAE02BA3424}.Debug|x64.Build.0 = Debug|x64
		{0D502D8B-654E-44F6-9815-0AAE02BA3424}.Debug|x86.ActiveCfg = Debug|Win32
		{0D502D8B-654E-44F6-9815-0AAE02BA3424}.Debug|x86.Build.0 = Debug|Win32
		{0D502D8B-654E-44F6-9815-0AAE02BA3424}.Release|x64.ActiveCfg = Release|x64
		{0D502D8B-654E-44F6-9815-0AAE02BA3424}.Release|x64.Build.0 = Release|x64
		{0D502D8B-654E-44F6-9815-0AAE02BA3424}.Release|x86.ActiveCfg = Release|Win32
		{0D502D8B-654E-44F6-9815-0AAE02BA3424}.Release|x86.Build.0 = Release|Win32
		{2B9072B0-5086-40BF-BDCE-520C9257B1E7}.Debug|x64.ActiveCfg = Debug|x64
		{2B9072B0-5086-40BF-BDCE-520C9257B1E7}.Debug|x64.Build.0 = Debug|x64
		{2B9072B0-5086-40BF-BDCE-520C9257B1E7}.Debug|x86.ActiveCfg = Debug|Win32
		{2B9072B0-5086-40BF-BDCE-520C9257B1E7}.Debug|x86.Build.0 = Debug|Win32
		{2B9072B0-5086-40BF-BDCE-520C9257B1E7}.Release|x64.ActiveCfg = Release|x64
		{2B9072B0-5086-40BF-BDCE-520C9257B1E7}.Release|x64.Build.0 = Release|x64
		{2B9072B0-5086-40BF-BDCE-520C9257B1E7}.Release|x86.ActiveCfg = Release|Win32
		{2B9072B0-5086-40BF-BDCE-520C9257B1E7}.Release|x86.Build.0 = Release|Win32
		{39D403EE-B367-42D5-9429-9AC59959F252}.Debug|x64.ActiveCfg = Debug|x64
		{39D403EE-B367-42D5-9429-9AC59959F252}.Debug|x64.Build.0 = Debug|x64
		{39D403EE-B367-42D5-9429-9AC59959F252}.Debug|x86.ActiveCfg = Debug|Win32
		{39D403EE-B367-42D5-9429-9AC59959F252}.Debug|x86.Build.0 = Debug|Win32
		{39D403EE-B367-42D5-9429-9AC59959F252}.Release|x64.ActiveCfg = Release|x64
		{39D403EE-B367-42D5-9429-9AC59959F252}.Release|x64.Build.0 = Release|x64
		{39D403EE-B367-42D5-9429-9AC59959F252}.Release|x86.ActiveCfg = Release|Win32
		{39D403EE-B367-42D5-9429-9AC59959F252}.Release|x86.Build.0 = Release|Win32
		{C065D2FC-83E6-4191-BDE7-0D521AE7E3E0}.Debug|x64.ActiveCfg = Debug|x64
		{C065D2FC-83E6-4191-BDE7-0D521AE7E3E0}.Debug|x64.Build.0 = Debug|x64
		{C065D2FC-83E6-4191-BDE7-0D521AE7E3E0}.Debug|x86.ActiveCfg = Debug|Win32
		{C065D2FC-83E6-4191-BDE7-0D521AE7E3E0}.Debug|x86.Build.0 = Debug|Win32
		{C065D2FC-83E6-4191-BDE7-0D521AE7E3E0}.Release|x64.ActiveCfg = Release|x64
		{C065D2FC-83E6-4191-BDE7-0D521AE7E3E0}.Release|x64.Build.0 = Release|x64
		{C065D2FC-83E6-4191-BDE7-0D521AE7E3E0}.Release|x86.ActiveCfg = Release|Win32
		{C065D2FC-83E6-4191-BDE7-0D521AE7E3E0}.Release|x86.Build.0 = Release|Win32
		{E39B1F90-7B4D-4B72-A759-3A109AFBADCC}.Debug|x64.ActiveCfg = Debug|x64
		{E39B1F90-7B4D-4B72-A759-3A109AFBADCC}.Debug|x64.Build.0 = Debug|x64
		{E39B1F90-7B4D-4B72-A759-3A109AFBADCC}.Debug|x86.ActiveCfg = Debug|Win32
		{E39B1F90-7B4D-4B72-A759-3A109AFBADCC}.Debug|x86.Build.0 = Debug|Win32
		{E39B1F90-7B4D-4B72-A759-3A109AFBADCC}.Release|x64.ActiveCfg = Release|x64
		{E39B1F90-7B4D-4B72-A759-3A109AFBADCC}.Release|x64.Build.0 = Release|x64
		{E39B1F90-7B4D-4B72-A759-3A109AFBADCC}.Release|x86.ActiveCfg = Release|Win32
		{E39B1F90-7B4D-4B72-A759-3A109AFBADCC}.Release|x86.Build.0 = Release|Win32
		{BFB79545-F1D3-4E1A-9819-9E5E7D07F86B}.Debug|x64.ActiveCfg = Debug|x64
		{BFB79545-F1D3-4E1A-9819-9E5E7D07F86B}.Debug|x64.Build.0 = Debug|x64
		{BFB79545-F1D3-4E1A-9819-9E5E7D07F86B}.Debug|x86.ActiveCfg = Debug|Win32
		{BFB79545-F1D3-4E1A-9819-9E5E7D07F86B}.Debug|x86.Build.0 = Debug|Win32
		{BFB79545-F1D3-4E1A-9819-9E5E7D07F86B}.Release|x64.ActiveCfg = Release|x64
		{BFB79545-F1D3-4E1A-9819-9E5E7D07F86B}.Release|x64.Build.0 = Release|x64
		{BFB79545-F1D3-4E1A-9819-9E5E7D07F86B}.Release|x86.ActiveCfg = Release|Win32
		{BFB79545-F1D3-4E1A-9819-9E5E7D07F86B}.Release|x86.Build.0 = Release|Win32
		{0C63BD01-8093-466C-9940-6DD24A301B17}.Debug|x64.ActiveCfg = Debug|x64
		{0C63BD01-8093-466C-9940-6DD24A301B17}.Debug|x64.Build.0 = Debug|x64
		{0C63BD01-8093-466C-9940-6DD24A301B17}.Debug|x86.ActiveCfg = Debug|Win32
		{0C63BD01-8093-466C-9940-6DD24A301B17}.Debug|x86.Build.0 = Debug|Win32
		{0C63BD01-8093-466C-9940-6DD24A301B17}.Release|x64.ActiveCfg = Release|x64
		{0C63BD01-8093-466C-9940-6DD24A301B17}.Release|x64.Build.0 = Release|x64
		{0C63BD01-8093-466C-9940-6DD24A301B17}.Release|x86.ActiveCfg = Release|Win32
		{0C63BD01-8093-466C-9940-6DD24A301B17}.Release|x86.Build.0 = Release|Win32
		{2DDA3A97-E1A5-451A-A9D8-81AAFFA9146A}.Debug|x64.ActiveCfg = Debug|x64
		{2DDA3A97-E1A5-451A-A9D8-81AAFFA9146A}.Debug|x64.Build.0 = Debug|x64
		{2DDA3A97-E1A5-451A-A9D8-81AAFFA9146A}.Debug|x86.ActiveCfg = Debug|Win32
		{2DDA3A97-E1A5-451A-A9D8-81AAFFA9146A}.Debug|x86.Build.0 = Debug|Win32
		{2DDA3A97-E1A5-451A-A9D8-81AAFFA9146A}.Release|x64.ActiveCfg = Release|x64
		{2DDA3A97-E1A5-451A-A9D8-81AAFFA9146A}.Release|x64.Build.0 = Release|x64
		{2DDA3A97-E1A5-451A-A9D8-81AAFFA9146A}.Release|x86.ActiveCfg = Release|Win32
		{2DDA3A97-E1A5-451A-A9D8-81AAFFA9146A}.Release|x86.Build.0 = Release|Win32
		{8742527A-FB46-4CA8-8577-27BF456B8EF2}.Debug|x64.ActiveCfg = Debug|x64
		{8742527A-FB46-4CA8-8577-27BF456B8EF2}.Debug|x64.Build.0 = Debug|x64
		{8742527A-FB46-4CA8-8577-27BF456B8EF2}.Debug|x86.ActiveCfg = Debug|Win32
		{8742527A-FB46-4CA8-8577-27BF456B8EF2}.Debug|x86.Build.0 = Debug|Win32
		{8742527A-FB46-4CA8-8577-27BF456B8EF2}.Release|x64.ActiveCfg = Release|x64
		{8742527A-FB46-4CA8-8577-27BF456B8EF2}.Release|x64.Build.0 = Release|x64
		{8742527A-FB46-4CA8-8577-27BF456B8EF2}.Release|x86.ActiveCfg = Release|Win32
		{8742527A-FB46-4CA8-8577-27BF456B8EF2}.Release|x86.Build.0 = Release|Win32
		{44834DD9-99BA-4746-8B7D-35B4E6F7DB5E}.Debug|x64.ActiveCfg = Debug|x64
		{44834DD9-99BA-4746-8B7D-35B4E6F7DB5E}.Debug|x64.Build.0 = Debug|x64
		{44834DD9-99BA-4746-8B7D-35B4E6F7DB5E}.Debug|x86.ActiveCfg = Debug|Win32
		{44834DD9-99BA-4746-8B7D-35B4E6F7DB5E}.Debug|x86.Build.0 = Debug|Win32
		{44834DD9-99BA-4746-8B7D-35B4E6F7DB5E}.Release|x64.ActiveCfg = Release|x64
		{44834DD9-99BA-4746-8B7D-35B4E6F7DB5E}.Release|x64.Build.0 = Release|x64
		{44834DD9-99BA-4746-8B7D-35B4E6F7DB5E}.Release|x86.ActiveCfg = Release|Win32
		{44834DD9-99BA-4746-8B7D-35B4E6F7DB5E}.Release|x86.Build.0 = Release|Win32
		{15FA0A58-E8A1-4D0D-A6B6-7C2A8BBF758F}.Debug|x64.ActiveCfg = Debug|x64
		{15FA0A58-E8A1-4D0D-A6B6-7C2A8BBF758F}.Debug|x64.Build.0 = Debug|x64
		{15FA0A58-E8A1-4D0D-A6B6-7C2A8BBF758F}.Debug|x86.ActiveCfg = Debug|Win32
		{15FA0A58-E8A1-4D0D-A6B6-7C2A8BBF758F}.Debug|x86.Build.0 = Debug|Win32
		{15FA0A58-E8A1-4D0D-A6B6-7C2A8BBF758F}.Release|x64.ActiveCfg = Release|x64
		{15FA0A58-E8A1-4D0D-A6B6-7C2A8BBF758F}.Release|x64.Build.0 = Release|x64
		{15FA0A58-E8A1-4D0D-A6B6-7C2A8BBF758F}.Release|x86.ActiveCfg = Release|Win32
		{15FA0A58-E8A1-4D0D-A6B6-7C2A8BBF758F}.Release|x86.Build.0 = Release|Win32
		{04902134-B4B5-44A6-B546-336429BBF848}.Debug|x64.ActiveCfg = Debug|x64
		{04902134-B4B5-44A6-B546-336429BBF848}.Debug|x64.Build.0 = Debug|x64
		{04902134-B4B5-44A6-B546-336429BBF848}.Debug|x86.ActiveCfg = Debug|Win32
		{04902134-B4B5-44A6-B546-336429BBF848}.Debug|x86.Build.0 = Debug|Win32
		{04902134-B4B5-44A6-B546-336429BBF848}.Release|x64.ActiveCfg = Release|x64
		{04902134-B4B5-44A6-B546-336429BBF848}.Release|x64.Build.0 = Release|x64
		{04902134-B4B5-44A6-B546-336429BBF848}.Release|x86.ActiveCfg = Release|Win32
		{04902134-B4B5-44A6-B546-336429BBF848}.Release|x86.Build.0 = Release|Win32
		{D04D5B0E-FAB2-4DA3-95C3-143DD5E48D9D}.Debug|x64.ActiveCfg = Debug|x64
		{D04D5B0E-FAB2-4DA3-95C3-143DD5E48D9D}.Debug|x64.Build.0 = Debug|x64
		{D04D5B0E-FAB2-4DA3-95C3-143DD5E48D9D}.Debug|x86.ActiveCfg = Debug|Win32
		{D04D5B0E-FAB2-4DA3-95C3-143DD5E48D9D}.Debug|x86.Build.0 = Debug|Win32
		{D04D5B0E-FAB2-4DA3-95C3-143DD5E48D9D}.Release|x64.ActiveCfg = Release|x64
		{D04D5B0E-FAB2-4DA3-95C3-143DD5E48D9D}.Release|x64.Build.0 = Release|x64
		{D04D5B0E-FAB2-4DA3-95C3-143DD5E48D9D}.Release|x86.ActiveCfg = Release|Win32
		{D04D5B0E-FAB2-4DA3-95C3-143DD5E48D9D}.Release|x86.Build.0 = Release|Win32
		{D6548129-0964-4790-918D-A8EF3FCC608C}.Debug|x64.ActiveCfg = Debug|x64
		{D6548129-0964-4790-918D-A8EF3FCC608C}.Debug|x64.Build.0 = Debug|x64
		{D6548129-0964-4790-918D-A8EF3FCC608C}.Debug|x86.ActiveCfg = Debug|Win32
		{D6548129-0964-4790-918D-A8EF3FCC608C}.Debug|x86.Build.0 = Debug|Win32
		{D6548129-0964-4790-918D-A8EF3FCC608C}.Release|x64.ActiveCfg = Release|x64
		{D6548129-0964-4790-918D-A8EF3FCC608C}.Release|x64.Build.0 = Release|x64
		{D6548129-0964-4790-918D-A8EF3FCC608C}.Release|x86.ActiveCfg = Release|Win32
		{D6548129-0964-4790-918D-A8EF3FCC608C}.Release|x86.Build.0 = Release|Win32
		{E8D8E783-E49B-4CBE-B603-6F8AAE80DB04}.Debug|x64.ActiveCfg = Debug|x64
		{E8D8E783-E49B-4CBE-B603-6F8AAE80DB04}.Debug|x64.Build.0 = Debug|x64
		{E8D8E783-E49B-4CBE-B603-6F8AAE80DB04}.Debug|x86.ActiveCfg = Debug|Win32
		{E8D8E783-E49B-4CBE-B603-6F8AAE80DB04}.Debug|x86.Build.0 = Debug|Win32
		{E8D8E783-E49B-4CBE-B603-6F8AAE80DB04}.Release|x64.ActiveCfg = Release|x64
		{E8D8E783-E49B-4CBE-B603-6F8AAE80DB04}.Release|x64.Build.0 = Release|x64
		{E8D8E783-E49B-4CBE-B603-6F8AAE80DB04}.Release|x86.ActiveCfg = Release|Win32
		{E8D8E783-E49B-4CBE-B603-6F8AAE80DB04}.Release|x86.Build.0 = Release|Win32
		{CCB35496-1A3C-461B-B97F-90907E970B62}.Debug|x64.ActiveCfg = Debug|x64
		{CCB35496-1A3C-461B-B97F-90907E970B62}.Debug|x64.Build.0 = Debug|x64
		{CCB35496-1A3C-461B-B97F-90907E970B62}.Debug|x86.ActiveCfg = Debug|Win32
		{CCB35496-1A3C-461B-B97F-90907E970B62}.Debug|x86.Build.0 = Debug|Win32
		{CCB35496-1A3C-461B-B97F-90907E970B62}.Release|x64.ActiveCfg = Release|x64
		{CCB35496-1A3C-461B-B97F-90907E970B62}.Release|x64.Build.0 = Release|x64
		{CCB35496-1A3C-461B-B97F-90907E970B62}.Release|x86.ActiveCfg = Release|Win32
		{CCB35496-1A3C-461B-B97F-90907E970B62}.Release|x86.Build.0 = Release|Win32
		{11804F70-07D1-46DE-BE9C-DC930778C22E}.Debug|x64.ActiveCfg = Debug|x64
		{11804F70-07D1-46DE-BE9C-DC930778C22E}.Debug|x64.Build.0 = Debug|x64
		{11804F70-07D1-46DE-BE9C-DC930778C22E}.Debug|x86.ActiveCfg = Debug|Win32
		{11804F70-07D1-46DE-BE9C-DC930778C22E}.Debug|x86.Build.0 = Debug|Win32
		{11804F70-07D1-46DE-BE9C-DC930778C22E}.Release|x64.ActiveCfg = Release|x64
		{11804F70-07D1-46DE-BE9C-DC930778C22E}.Release|x64.Build.0 = Release|x64
		{11804F70-07D1-46DE-BE9C-DC930778C22E}.Release|x86.ActiveCfg = Release|Win32
		{11804F70-07D1-46DE-BE9C-DC930778C22E}.Release|x86.Build.0 = Release|Win32
	EndGlobalSection
	GlobalSection(SolutionProperties) = preSolution
		HideSolutionNode = FALSE
	EndGlobalSection
	GlobalSection(NestedProjects) = preSolution
		{0E20554D-7A11-4991-BD3B-DD9C66F97E5A} = {118E04DA-C0BC-4B83-9927-75B89E52E460}
		{D9DF22BE-D7D7-41C3-946F-F1EDB6ABE48D} = {118E04DA-C0BC-4B83-9927-75B89E52E460}
		{647783AC-AD50-4D57-94C0-EB48CD7D7EE1} = {118E04DA-C0BC-4B83-9927-75B89E52E460}
		{24355366-1233-4A45-8350-1B45FA13D4DA} = {118E04DA-C0BC-4B83-9927-75B89E52E460}
		{A1549197-0278-4347-BB4B-B2970DEC6BB3} = {F6A539A3-61C0-4643-AF76-6CDB3A8E5002}
		{0D502D8B-654E-44F6-9815-0AAE02BA3424} = {92BE1939-276F-4C13-AB6D-3C889A211ED2}
		{2B9072B0-5086-40BF-BDCE-520C9257B1E7} = {92BE1939-276F-4C13-AB6D-3C889A211ED2}
		{39D403EE-B367-42D5-9429-9AC59959F252} = {92BE1939-276F-4C13-AB6D-3C889A211ED2}
		{C065D2FC-83E6-4191-BDE7-0D521AE7E3E0} = {92BE1939-276F-4C13-AB6D-3C889A211ED2}
		{E39B1F90-7B4D-4B72-A759-3A109AFBADCC} = {AFB0D4E6-718B-4AA9-99D5-9E70E2C7B4BD}
		{BFB79545-F1D3-4E1A-9819-9E5E7D07F86B} = {DD1F02E7-5461-4433-B86F-28D41214ECFC}
		{0C63BD01-8093-466C-9940-6DD24A301B17} = {AFB0D4E6-718B-4AA9-99D5-9E70E2C7B4BD}
		{2DDA3A97-E1A5-451A-A9D8-81AAFFA9146A} = {B1BA75F9-7D6B-4570-86D6-D7CC135B04DB}
		{8742527A-FB46-4CA8-8577-27BF456B8EF2} = {ACCEEF3D-6F01-4F44-B6DA-4C785F5F1865}
		{44834DD9-99BA-4746-8B7D-35B4E6F7DB5E} = {B1BA75F9-7D6B-4570-86D6-D7CC135B04DB}
		{15FA0A58-E8A1-4D0D-A6B6-7C2A8BBF758F} = {B1BA75F9-7D6B-4570-86D6-D7CC135B04DB}
		{04902134-B4B5-44A6-B546-336429BBF848} = {B1BA75F9-7D6B-4570-86D6-D7CC135B04DB}
		{D04D5B0E-FAB2-4DA3-95C3-143DD5E48D9D} = {ACCEEF3D-6F01-4F44-B6DA-4C785F5F1865}
		{D6548129-0964-4790-918D-A8EF3FCC608C} = {ACCEEF3D-6F01-4F44-B6DA-4C785F5F1865}
		{E8D8E783-E49B-4CBE-B603-6F8AAE80DB04} = {B1BA75F9-7D6B-4570-86D6-D7CC135B04DB}
		{CCB35496-1A3C-461B-B97F-90907E970B62} = {F6A539A3-61C0-4643-AF76-6CDB3A8E5002}
		{11804F70-07D1-46DE-BE9C-DC930778C22E} = {023A4227-DAFC-48CB-93C0-1FF2B8483AF2}
	EndGlobalSection
	GlobalSection(ExtensibilityGlobals) = postSolution
		SolutionGuid = {85E63F39-70F2-48B2-941D-FF6B25772478}
	EndGlobalSection
EndGlobal
